// !$*UTF8*$!
{
	archiveVersion = 1;
	classes = {
	};
	objectVersion = 50;
	objects = {

/* Begin PBXBuildFile section */
		7F38C96526336FA5001C4E64 /* CircleImage.swift in Sources */ = {isa = PBXBuildFile; fileRef = 7F38C96426336FA5001C4E64 /* CircleImage.swift */; };
		7F38C96826337152001C4E64 /* MapView.swift in Sources */ = {isa = PBXBuildFile; fileRef = 7F38C96726337152001C4E64 /* MapView.swift */; };
		7F38C96B263377D6001C4E64 /* landmarkData.json in Resources */ = {isa = PBXBuildFile; fileRef = 7F38C96A263377D6001C4E64 /* landmarkData.json */; };
		7F38C96E26337A74001C4E64 /* Landmark.swift in Sources */ = {isa = PBXBuildFile; fileRef = 7F38C96D26337A74001C4E64 /* Landmark.swift */; };
		7F38C97126337C19001C4E64 /* ModelData.swift in Sources */ = {isa = PBXBuildFile; fileRef = 7F38C97026337C19001C4E64 /* ModelData.swift */; };
		7F38C97726337D8F001C4E64 /* LandmarkRow.swift in Sources */ = {isa = PBXBuildFile; fileRef = 7F38C97626337D8F001C4E64 /* LandmarkRow.swift */; };
		7F38C97A26338C86001C4E64 /* LandmarkList.swift in Sources */ = {isa = PBXBuildFile; fileRef = 7F38C97926338C86001C4E64 /* LandmarkList.swift */; };
		7F38C98126338DF3001C4E64 /* LandmarkDetail.swift in Sources */ = {isa = PBXBuildFile; fileRef = 7F38C98026338DF3001C4E64 /* LandmarkDetail.swift */; };
		7F38C9872633E2F9001C4E64 /* FavoriteButton.swift in Sources */ = {isa = PBXBuildFile; fileRef = 7F38C9862633E2F9001C4E64 /* FavoriteButton.swift */; };
		7F38C98F26349BA8001C4E64 /* HexagonParameters.swift in Sources */ = {isa = PBXBuildFile; fileRef = 7F38C98E26349BA8001C4E64 /* HexagonParameters.swift */; };
		7F38C99226349C9F001C4E64 /* BadgeBackground.swift in Sources */ = {isa = PBXBuildFile; fileRef = 7F38C99126349C9F001C4E64 /* BadgeBackground.swift */; };
		7F38C99526349F75001C4E64 /* BadgeSymbol.swift in Sources */ = {isa = PBXBuildFile; fileRef = 7F38C99426349F75001C4E64 /* BadgeSymbol.swift */; };
		7F38C9982634A05F001C4E64 /* RotatedBadgeSymbol.swift in Sources */ = {isa = PBXBuildFile; fileRef = 7F38C9972634A05F001C4E64 /* RotatedBadgeSymbol.swift */; };
		7F38C99B2634A14F001C4E64 /* Badge.swift in Sources */ = {isa = PBXBuildFile; fileRef = 7F38C99A2634A14F001C4E64 /* Badge.swift */; };
		7F38C9B22634A8B8001C4E64 /* hikeData.json in Resources */ = {isa = PBXBuildFile; fileRef = 7F38C9B12634A8B8001C4E64 /* hikeData.json */; };
		7F38C9B92634A8C5001C4E64 /* GraphCapsule.swift in Sources */ = {isa = PBXBuildFile; fileRef = 7F38C9B52634A8C4001C4E64 /* GraphCapsule.swift */; };
		7F38C9BA2634A8C5001C4E64 /* HikeGraph.swift in Sources */ = {isa = PBXBuildFile; fileRef = 7F38C9B62634A8C4001C4E64 /* HikeGraph.swift */; };
		7F38C9BB2634A8C5001C4E64 /* HikeDetail.swift in Sources */ = {isa = PBXBuildFile; fileRef = 7F38C9B72634A8C4001C4E64 /* HikeDetail.swift */; };
		7F38C9BC2634A8C5001C4E64 /* HikeView.swift in Sources */ = {isa = PBXBuildFile; fileRef = 7F38C9B82634A8C4001C4E64 /* HikeView.swift */; };
		7F38C9BF2634A8CF001C4E64 /* Hike.swift in Sources */ = {isa = PBXBuildFile; fileRef = 7F38C9BE2634A8CF001C4E64 /* Hike.swift */; };
		7F38C9C326350EC1001C4E64 /* CategoryHome.swift in Sources */ = {isa = PBXBuildFile; fileRef = 7F38C9C226350EC1001C4E64 /* CategoryHome.swift */; };
		7F38C9C826361751001C4E64 /* CategoryRow.swift in Sources */ = {isa = PBXBuildFile; fileRef = 7F38C9C726361751001C4E64 /* CategoryRow.swift */; };
		7F38C9CB2636183E001C4E64 /* CategoryItem.swift in Sources */ = {isa = PBXBuildFile; fileRef = 7F38C9CA2636183E001C4E64 /* CategoryItem.swift */; };
		7F38C9CE263623F8001C4E64 /* user.swift in Sources */ = {isa = PBXBuildFile; fileRef = 7F38C9CD263623F8001C4E64 /* user.swift */; };
		7F38C9D2263629EE001C4E64 /* ProfileHost.swift in Sources */ = {isa = PBXBuildFile; fileRef = 7F38C9D1263629EE001C4E64 /* ProfileHost.swift */; };
		7F38C9D626362A03001C4E64 /* ProfileSummary.swift in Sources */ = {isa = PBXBuildFile; fileRef = 7F38C9D526362A02001C4E64 /* ProfileSummary.swift */; };
		7F38C9D926362A64001C4E64 /* HikeBadge.swift in Sources */ = {isa = PBXBuildFile; fileRef = 7F38C9D826362A64001C4E64 /* HikeBadge.swift */; };
		7FD8372526336C200031E623 /* LandmarksApp.swift in Sources */ = {isa = PBXBuildFile; fileRef = 7FD8372426336C200031E623 /* LandmarksApp.swift */; };
		7FD8372726336C200031E623 /* Main.swift in Sources */ = {isa = PBXBuildFile; fileRef = 7FD8372626336C200031E623 /* Main.swift */; };
		7FD8372926336C210031E623 /* Assets.xcassets in Resources */ = {isa = PBXBuildFile; fileRef = 7FD8372826336C210031E623 /* Assets.xcassets */; };
		7FD8372C26336C210031E623 /* Preview Assets.xcassets in Resources */ = {isa = PBXBuildFile; fileRef = 7FD8372B26336C210031E623 /* Preview Assets.xcassets */; };
/* End PBXBuildFile section */

/* Begin PBXFileReference section */
		7F38C96426336FA5001C4E64 /* CircleImage.swift */ = {isa = PBXFileReference; lastKnownFileType = sourcecode.swift; path = CircleImage.swift; sourceTree = "<group>"; };
		7F38C96726337152001C4E64 /* MapView.swift */ = {isa = PBXFileReference; lastKnownFileType = sourcecode.swift; path = MapView.swift; sourceTree = "<group>"; };
		7F38C96A263377D6001C4E64 /* landmarkData.json */ = {isa = PBXFileReference; fileEncoding = 4; lastKnownFileType = text.json; path = landmarkData.json; sourceTree = "<group>"; };
		7F38C96D26337A74001C4E64 /* Landmark.swift */ = {isa = PBXFileReference; lastKnownFileType = sourcecode.swift; path = Landmark.swift; sourceTree = "<group>"; };
		7F38C97026337C19001C4E64 /* ModelData.swift */ = {isa = PBXFileReference; lastKnownFileType = sourcecode.swift; path = ModelData.swift; sourceTree = "<group>"; };
		7F38C97626337D8F001C4E64 /* LandmarkRow.swift */ = {isa = PBXFileReference; lastKnownFileType = sourcecode.swift; path = LandmarkRow.swift; sourceTree = "<group>"; };
		7F38C97926338C86001C4E64 /* LandmarkList.swift */ = {isa = PBXFileReference; lastKnownFileType = sourcecode.swift; path = LandmarkList.swift; sourceTree = "<group>"; };
		7F38C98026338DF3001C4E64 /* LandmarkDetail.swift */ = {isa = PBXFileReference; lastKnownFileType = sourcecode.swift; path = LandmarkDetail.swift; sourceTree = "<group>"; };
		7F38C9862633E2F9001C4E64 /* FavoriteButton.swift */ = {isa = PBXFileReference; lastKnownFileType = sourcecode.swift; path = FavoriteButton.swift; sourceTree = "<group>"; };
		7F38C98E26349BA8001C4E64 /* HexagonParameters.swift */ = {isa = PBXFileReference; lastKnownFileType = sourcecode.swift; path = HexagonParameters.swift; sourceTree = "<group>"; };
		7F38C99126349C9F001C4E64 /* BadgeBackground.swift */ = {isa = PBXFileReference; lastKnownFileType = sourcecode.swift; path = BadgeBackground.swift; sourceTree = "<group>"; };
		7F38C99426349F75001C4E64 /* BadgeSymbol.swift */ = {isa = PBXFileReference; lastKnownFileType = sourcecode.swift; path = BadgeSymbol.swift; sourceTree = "<group>"; };
		7F38C9972634A05F001C4E64 /* RotatedBadgeSymbol.swift */ = {isa = PBXFileReference; lastKnownFileType = sourcecode.swift; path = RotatedBadgeSymbol.swift; sourceTree = "<group>"; };
		7F38C99A2634A14F001C4E64 /* Badge.swift */ = {isa = PBXFileReference; lastKnownFileType = sourcecode.swift; path = Badge.swift; sourceTree = "<group>"; };
		7F38C9B12634A8B8001C4E64 /* hikeData.json */ = {isa = PBXFileReference; fileEncoding = 4; lastKnownFileType = text.json; path = hikeData.json; sourceTree = "<group>"; };
		7F38C9B52634A8C4001C4E64 /* GraphCapsule.swift */ = {isa = PBXFileReference; fileEncoding = 4; lastKnownFileType = sourcecode.swift; path = GraphCapsule.swift; sourceTree = "<group>"; };
		7F38C9B62634A8C4001C4E64 /* HikeGraph.swift */ = {isa = PBXFileReference; fileEncoding = 4; lastKnownFileType = sourcecode.swift; path = HikeGraph.swift; sourceTree = "<group>"; };
		7F38C9B72634A8C4001C4E64 /* HikeDetail.swift */ = {isa = PBXFileReference; fileEncoding = 4; lastKnownFileType = sourcecode.swift; path = HikeDetail.swift; sourceTree = "<group>"; };
		7F38C9B82634A8C4001C4E64 /* HikeView.swift */ = {isa = PBXFileReference; fileEncoding = 4; lastKnownFileType = sourcecode.swift; path = HikeView.swift; sourceTree = "<group>"; };
		7F38C9BE2634A8CF001C4E64 /* Hike.swift */ = {isa = PBXFileReference; lastKnownFileType = sourcecode.swift; path = Hike.swift; sourceTree = "<group>"; };
		7F38C9C226350EC1001C4E64 /* CategoryHome.swift */ = {isa = PBXFileReference; lastKnownFileType = sourcecode.swift; path = CategoryHome.swift; sourceTree = "<group>"; };
		7F38C9C726361751001C4E64 /* CategoryRow.swift */ = {isa = PBXFileReference; lastKnownFileType = sourcecode.swift; path = CategoryRow.swift; sourceTree = "<group>"; };
		7F38C9CA2636183E001C4E64 /* CategoryItem.swift */ = {isa = PBXFileReference; lastKnownFileType = sourcecode.swift; path = CategoryItem.swift; sourceTree = "<group>"; };
		7F38C9CD263623F8001C4E64 /* user.swift */ = {isa = PBXFileReference; lastKnownFileType = sourcecode.swift; path = user.swift; sourceTree = "<group>"; };
		7F38C9D1263629EE001C4E64 /* ProfileHost.swift */ = {isa = PBXFileReference; lastKnownFileType = sourcecode.swift; path = ProfileHost.swift; sourceTree = "<group>"; };
		7F38C9D526362A02001C4E64 /* ProfileSummary.swift */ = {isa = PBXFileReference; lastKnownFileType = sourcecode.swift; path = ProfileSummary.swift; sourceTree = "<group>"; };
		7F38C9D826362A64001C4E64 /* HikeBadge.swift */ = {isa = PBXFileReference; lastKnownFileType = sourcecode.swift; path = HikeBadge.swift; sourceTree = "<group>"; };
		7FD8372126336C200031E623 /* Landmarks.app */ = {isa = PBXFileReference; explicitFileType = wrapper.application; includeInIndex = 0; path = Landmarks.app; sourceTree = BUILT_PRODUCTS_DIR; };
		7FD8372426336C200031E623 /* LandmarksApp.swift */ = {isa = PBXFileReference; lastKnownFileType = sourcecode.swift; path = LandmarksApp.swift; sourceTree = "<group>"; };
		7FD8372626336C200031E623 /* Main.swift */ = {isa = PBXFileReference; lastKnownFileType = sourcecode.swift; path = Main.swift; sourceTree = "<group>"; };
		7FD8372826336C210031E623 /* Assets.xcassets */ = {isa = PBXFileReference; lastKnownFileType = folder.assetcatalog; path = Assets.xcassets; sourceTree = "<group>"; };
		7FD8372B26336C210031E623 /* Preview Assets.xcassets */ = {isa = PBXFileReference; lastKnownFileType = folder.assetcatalog; path = "Preview Assets.xcassets"; sourceTree = "<group>"; };
		7FD8372D26336C210031E623 /* Info.plist */ = {isa = PBXFileReference; lastKnownFileType = text.plist.xml; path = Info.plist; sourceTree = "<group>"; };
/* End PBXFileReference section */

/* Begin PBXFrameworksBuildPhase section */
		7FD8371E26336C200031E623 /* Frameworks */ = {
			isa = PBXFrameworksBuildPhase;
			buildActionMask = 2147483647;
			files = (
			);
			runOnlyForDeploymentPostprocessing = 0;
		};
/* End PBXFrameworksBuildPhase section */

/* Begin PBXGroup section */
		7F38C97326337C92001C4E64 /* Views */ = {
			isa = PBXGroup;
			children = (
				7F38C9C126350EB1001C4E64 /* Categories */,
				7F38C9B42634A8C4001C4E64 /* Hikes */,
				7F38C99D2634A1ED001C4E64 /* Badges */,
				7F38C98A2633E3FC001C4E64 /* Helpers */,
				7F38C9892633E3F0001C4E64 /* Landmarks */,
				7FD8372626336C200031E623 /* Main.swift */,
			);
			name = Views;
			sourceTree = "<group>";
		};
		7F38C97426337CA5001C4E64 /* Model */ = {
			isa = PBXGroup;
			children = (
				7F38C96D26337A74001C4E64 /* Landmark.swift */,
				7F38C97026337C19001C4E64 /* ModelData.swift */,
				7F38C9CD263623F8001C4E64 /* user.swift */,
			);
			name = Model;
			sourceTree = "<group>";
		};
		7F38C97526337CB5001C4E64 /* Resources */ = {
			isa = PBXGroup;
			children = (
				7F38C96A263377D6001C4E64 /* landmarkData.json */,
				7F38C9B12634A8B8001C4E64 /* hikeData.json */,
			);
			name = Resources;
			sourceTree = "<group>";
		};
		7F38C9892633E3F0001C4E64 /* Landmarks */ = {
			isa = PBXGroup;
			children = (
				7F38C97626337D8F001C4E64 /* LandmarkRow.swift */,
				7F38C97926338C86001C4E64 /* LandmarkList.swift */,
				7F38C98026338DF3001C4E64 /* LandmarkDetail.swift */,
			);
			name = Landmarks;
			sourceTree = "<group>";
		};
		7F38C98A2633E3FC001C4E64 /* Helpers */ = {
			isa = PBXGroup;
			children = (
				7F38C96426336FA5001C4E64 /* CircleImage.swift */,
				7F38C96726337152001C4E64 /* MapView.swift */,
				7F38C9862633E2F9001C4E64 /* FavoriteButton.swift */,
				7F38C98E26349BA8001C4E64 /* HexagonParameters.swift */,
			);
			name = Helpers;
			sourceTree = "<group>";
		};
		7F38C99D2634A1ED001C4E64 /* Badges */ = {
			isa = PBXGroup;
			children = (
				7F38C99126349C9F001C4E64 /* BadgeBackground.swift */,
				7F38C99426349F75001C4E64 /* BadgeSymbol.swift */,
				7F38C9972634A05F001C4E64 /* RotatedBadgeSymbol.swift */,
				7F38C99A2634A14F001C4E64 /* Badge.swift */,
				7F38C9D826362A64001C4E64 /* HikeBadge.swift */,
			);
			name = Badges;
			sourceTree = "<group>";
		};
		7F38C9B42634A8C4001C4E64 /* Hikes */ = {
			isa = PBXGroup;
			children = (
				7F38C9B52634A8C4001C4E64 /* GraphCapsule.swift */,
				7F38C9B62634A8C4001C4E64 /* HikeGraph.swift */,
				7F38C9B72634A8C4001C4E64 /* HikeDetail.swift */,
				7F38C9B82634A8C4001C4E64 /* HikeView.swift */,
				7F38C9BE2634A8CF001C4E64 /* Hike.swift */,
			);
			path = Hikes;
			sourceTree = "<group>";
		};
		7F38C9C126350EB1001C4E64 /* Categories */ = {
			isa = PBXGroup;
			children = (
				7F38C9C226350EC1001C4E64 /* CategoryHome.swift */,
				7F38C9C726361751001C4E64 /* CategoryRow.swift */,
				7F38C9CA2636183E001C4E64 /* CategoryItem.swift */,
			);
			name = Categories;
			sourceTree = "<group>";
		};
		7F38C9D0263624AC001C4E64 /* Profiles */ = {
			isa = PBXGroup;
			children = (
				7F38C9D1263629EE001C4E64 /* ProfileHost.swift */,
				7F38C9D526362A02001C4E64 /* ProfileSummary.swift */,
			);
			name = Profiles;
			sourceTree = "<group>";
		};
		7FD8371826336C200031E623 = {
			isa = PBXGroup;
			children = (
				7FD8372326336C200031E623 /* Landmarks */,
				7FD8372226336C200031E623 /* Products */,
			);
			sourceTree = "<group>";
		};
		7FD8372226336C200031E623 /* Products */ = {
			isa = PBXGroup;
			children = (
				7FD8372126336C200031E623 /* Landmarks.app */,
			);
			name = Products;
			sourceTree = "<group>";
		};
		7FD8372326336C200031E623 /* Landmarks */ = {
			isa = PBXGroup;
			children = (
				7F38C97426337CA5001C4E64 /* Model */,
				7F38C97326337C92001C4E64 /* Views */,
				7F38C9D0263624AC001C4E64 /* Profiles */,
				7F38C97526337CB5001C4E64 /* Resources */,
				7FD8372426336C200031E623 /* LandmarksApp.swift */,
				7FD8372826336C210031E623 /* Assets.xcassets */,
				7FD8372D26336C210031E623 /* Info.plist */,
				7FD8372A26336C210031E623 /* Preview Content */,
			);
			path = Landmarks;
			sourceTree = "<group>";
		};
		7FD8372A26336C210031E623 /* Preview Content */ = {
			isa = PBXGroup;
			children = (
				7FD8372B26336C210031E623 /* Preview Assets.xcassets */,
			);
			path = "Preview Content";
			sourceTree = "<group>";
		};
/* End PBXGroup section */

/* Begin PBXNativeTarget section */
		7FD8372026336C200031E623 /* Landmarks */ = {
			isa = PBXNativeTarget;
			buildConfigurationList = 7FD8373026336C210031E623 /* Build configuration list for PBXNativeTarget "Landmarks" */;
			buildPhases = (
				7FD8371D26336C200031E623 /* Sources */,
				7FD8371E26336C200031E623 /* Frameworks */,
				7FD8371F26336C200031E623 /* Resources */,
			);
			buildRules = (
			);
			dependencies = (
			);
			name = Landmarks;
			productName = Landmarks;
			productReference = 7FD8372126336C200031E623 /* Landmarks.app */;
			productType = "com.apple.product-type.application";
		};
/* End PBXNativeTarget section */

/* Begin PBXProject section */
		7FD8371926336C200031E623 /* Project object */ = {
			isa = PBXProject;
			attributes = {
				LastSwiftUpdateCheck = 1240;
				LastUpgradeCheck = 1240;
				TargetAttributes = {
					7FD8372026336C200031E623 = {
						CreatedOnToolsVersion = 12.4;
					};
				};
			};
			buildConfigurationList = 7FD8371C26336C200031E623 /* Build configuration list for PBXProject "Landmarks" */;
			compatibilityVersion = "Xcode 9.3";
			developmentRegion = en;
			hasScannedForEncodings = 0;
			knownRegions = (
				en,
				Base,
			);
			mainGroup = 7FD8371826336C200031E623;
			productRefGroup = 7FD8372226336C200031E623 /* Products */;
			projectDirPath = "";
			projectRoot = "";
			targets = (
				7FD8372026336C200031E623 /* Landmarks */,
			);
		};
/* End PBXProject section */

/* Begin PBXResourcesBuildPhase section */
		7FD8371F26336C200031E623 /* Resources */ = {
			isa = PBXResourcesBuildPhase;
			buildActionMask = 2147483647;
			files = (
				7F38C9B22634A8B8001C4E64 /* hikeData.json in Resources */,
				7FD8372C26336C210031E623 /* Preview Assets.xcassets in Resources */,
				7FD8372926336C210031E623 /* Assets.xcassets in Resources */,
				7F38C96B263377D6001C4E64 /* landmarkData.json in Resources */,
			);
			runOnlyForDeploymentPostprocessing = 0;
		};
/* End PBXResourcesBuildPhase section */

/* Begin PBXSourcesBuildPhase section */
		7FD8371D26336C200031E623 /* Sources */ = {
			isa = PBXSourcesBuildPhase;
			buildActionMask = 2147483647;
			files = (
				7F38C9C826361751001C4E64 /* CategoryRow.swift in Sources */,
				7FD8372726336C200031E623 /* Main.swift in Sources */,
				7F38C9C326350EC1001C4E64 /* CategoryHome.swift in Sources */,
				7F38C99B2634A14F001C4E64 /* Badge.swift in Sources */,
				7F38C96826337152001C4E64 /* MapView.swift in Sources */,
				7FD8372526336C200031E623 /* LandmarksApp.swift in Sources */,
				7F38C9BC2634A8C5001C4E64 /* HikeView.swift in Sources */,
				7F38C9872633E2F9001C4E64 /* FavoriteButton.swift in Sources */,
				7F38C98F26349BA8001C4E64 /* HexagonParameters.swift in Sources */,
				7F38C9CB2636183E001C4E64 /* CategoryItem.swift in Sources */,
				7F38C9982634A05F001C4E64 /* RotatedBadgeSymbol.swift in Sources */,
				7F38C99526349F75001C4E64 /* BadgeSymbol.swift in Sources */,
				7F38C9D626362A03001C4E64 /* ProfileSummary.swift in Sources */,
				7F38C97A26338C86001C4E64 /* LandmarkList.swift in Sources */,
				7F38C9D2263629EE001C4E64 /* ProfileHost.swift in Sources */,
				7F38C9BF2634A8CF001C4E64 /* Hike.swift in Sources */,
				7F38C98126338DF3001C4E64 /* LandmarkDetail.swift in Sources */,
				7F38C99226349C9F001C4E64 /* BadgeBackground.swift in Sources */,
				7F38C9BB2634A8C5001C4E64 /* HikeDetail.swift in Sources */,
				7F38C96526336FA5001C4E64 /* CircleImage.swift in Sources */,
				7F38C9B92634A8C5001C4E64 /* GraphCapsule.swift in Sources */,
				7F38C96E26337A74001C4E64 /* Landmark.swift in Sources */,
				7F38C9D926362A64001C4E64 /* HikeBadge.swift in Sources */,
				7F38C9CE263623F8001C4E64 /* user.swift in Sources */,
				7F38C97726337D8F001C4E64 /* LandmarkRow.swift in Sources */,
				7F38C97126337C19001C4E64 /* ModelData.swift in Sources */,
				7F38C9BA2634A8C5001C4E64 /* HikeGraph.swift in Sources */,
			);
			runOnlyForDeploymentPostprocessing = 0;
		};
/* End PBXSourcesBuildPhase section */

/* Begin XCBuildConfiguration section */
		7FD8372E26336C210031E623 /* Debug */ = {
			isa = XCBuildConfiguration;
			buildSettings = {
				ALWAYS_SEARCH_USER_PATHS = NO;
				CLANG_ANALYZER_NONNULL = YES;
				CLANG_ANALYZER_NUMBER_OBJECT_CONVERSION = YES_AGGRESSIVE;
				CLANG_CXX_LANGUAGE_STANDARD = "gnu++14";
				CLANG_CXX_LIBRARY = "libc++";
				CLANG_ENABLE_MODULES = YES;
				CLANG_ENABLE_OBJC_ARC = YES;
				CLANG_ENABLE_OBJC_WEAK = YES;
				CLANG_WARN_BLOCK_CAPTURE_AUTORELEASING = YES;
				CLANG_WARN_BOOL_CONVERSION = YES;
				CLANG_WARN_COMMA = YES;
				CLANG_WARN_CONSTANT_CONVERSION = YES;
				CLANG_WARN_DEPRECATED_OBJC_IMPLEMENTATIONS = YES;
				CLANG_WARN_DIRECT_OBJC_ISA_USAGE = YES_ERROR;
				CLANG_WARN_DOCUMENTATION_COMMENTS = YES;
				CLANG_WARN_EMPTY_BODY = YES;
				CLANG_WARN_ENUM_CONVERSION = YES;
				CLANG_WARN_INFINITE_RECURSION = YES;
				CLANG_WARN_INT_CONVERSION = YES;
				CLANG_WARN_NON_LITERAL_NULL_CONVERSION = YES;
				CLANG_WARN_OBJC_IMPLICIT_RETAIN_SELF = YES;
				CLANG_WARN_OBJC_LITERAL_CONVERSION = YES;
				CLANG_WARN_OBJC_ROOT_CLASS = YES_ERROR;
				CLANG_WARN_QUOTED_INCLUDE_IN_FRAMEWORK_HEADER = YES;
				CLANG_WARN_RANGE_LOOP_ANALYSIS = YES;
				CLANG_WARN_STRICT_PROTOTYPES = YES;
				CLANG_WARN_SUSPICIOUS_MOVE = YES;
				CLANG_WARN_UNGUARDED_AVAILABILITY = YES_AGGRESSIVE;
				CLANG_WARN_UNREACHABLE_CODE = YES;
				CLANG_WARN__DUPLICATE_METHOD_MATCH = YES;
				COPY_PHASE_STRIP = NO;
				DEBUG_INFORMATION_FORMAT = dwarf;
				ENABLE_STRICT_OBJC_MSGSEND = YES;
				ENABLE_TESTABILITY = YES;
				GCC_C_LANGUAGE_STANDARD = gnu11;
				GCC_DYNAMIC_NO_PIC = NO;
				GCC_NO_COMMON_BLOCKS = YES;
				GCC_OPTIMIZATION_LEVEL = 0;
				GCC_PREPROCESSOR_DEFINITIONS = (
					"DEBUG=1",
					"$(inherited)",
				);
				GCC_WARN_64_TO_32_BIT_CONVERSION = YES;
				GCC_WARN_ABOUT_RETURN_TYPE = YES_ERROR;
				GCC_WARN_UNDECLARED_SELECTOR = YES;
				GCC_WARN_UNINITIALIZED_AUTOS = YES_AGGRESSIVE;
				GCC_WARN_UNUSED_FUNCTION = YES;
				GCC_WARN_UNUSED_VARIABLE = YES;
				IPHONEOS_DEPLOYMENT_TARGET = 14.4;
				MTL_ENABLE_DEBUG_INFO = INCLUDE_SOURCE;
				MTL_FAST_MATH = YES;
				ONLY_ACTIVE_ARCH = YES;
				SDKROOT = iphoneos;
				SWIFT_ACTIVE_COMPILATION_CONDITIONS = DEBUG;
				SWIFT_OPTIMIZATION_LEVEL = "-Onone";
			};
			name = Debug;
		};
		7FD8372F26336C210031E623 /* Release */ = {
			isa = XCBuildConfiguration;
			buildSettings = {
				ALWAYS_SEARCH_USER_PATHS = NO;
				CLANG_ANALYZER_NONNULL = YES;
				CLANG_ANALYZER_NUMBER_OBJECT_CONVERSION = YES_AGGRESSIVE;
				CLANG_CXX_LANGUAGE_STANDARD = "gnu++14";
				CLANG_CXX_LIBRARY = "libc++";
				CLANG_ENABLE_MODULES = YES;
				CLANG_ENABLE_OBJC_ARC = YES;
				CLANG_ENABLE_OBJC_WEAK = YES;
				CLANG_WARN_BLOCK_CAPTURE_AUTORELEASING = YES;
				CLANG_WARN_BOOL_CONVERSION = YES;
				CLANG_WARN_COMMA = YES;
				CLANG_WARN_CONSTANT_CONVERSION = YES;
				CLANG_WARN_DEPRECATED_OBJC_IMPLEMENTATIONS = YES;
				CLANG_WARN_DIRECT_OBJC_ISA_USAGE = YES_ERROR;
				CLANG_WARN_DOCUMENTATION_COMMENTS = YES;
				CLANG_WARN_EMPTY_BODY = YES;
				CLANG_WARN_ENUM_CONVERSION = YES;
				CLANG_WARN_INFINITE_RECURSION = YES;
				CLANG_WARN_INT_CONVERSION = YES;
				CLANG_WARN_NON_LITERAL_NULL_CONVERSION = YES;
				CLANG_WARN_OBJC_IMPLICIT_RETAIN_SELF = YES;
				CLANG_WARN_OBJC_LITERAL_CONVERSION = YES;
				CLANG_WARN_OBJC_ROOT_CLASS = YES_ERROR;
				CLANG_WARN_QUOTED_INCLUDE_IN_FRAMEWORK_HEADER = YES;
				CLANG_WARN_RANGE_LOOP_ANALYSIS = YES;
				CLANG_WARN_STRICT_PROTOTYPES = YES;
				CLANG_WARN_SUSPICIOUS_MOVE = YES;
				CLANG_WARN_UNGUARDED_AVAILABILITY = YES_AGGRESSIVE;
				CLANG_WARN_UNREACHABLE_CODE = YES;
				CLANG_WARN__DUPLICATE_METHOD_MATCH = YES;
				COPY_PHASE_STRIP = NO;
				DEBUG_INFORMATION_FORMAT = "dwarf-with-dsym";
				ENABLE_NS_ASSERTIONS = NO;
				ENABLE_STRICT_OBJC_MSGSEND = YES;
				GCC_C_LANGUAGE_STANDARD = gnu11;
				GCC_NO_COMMON_BLOCKS = YES;
				GCC_WARN_64_TO_32_BIT_CONVERSION = YES;
				GCC_WARN_ABOUT_RETURN_TYPE = YES_ERROR;
				GCC_WARN_UNDECLARED_SELECTOR = YES;
				GCC_WARN_UNINITIALIZED_AUTOS = YES_AGGRESSIVE;
				GCC_WARN_UNUSED_FUNCTION = YES;
				GCC_WARN_UNUSED_VARIABLE = YES;
				IPHONEOS_DEPLOYMENT_TARGET = 14.4;
				MTL_ENABLE_DEBUG_INFO = NO;
				MTL_FAST_MATH = YES;
				SDKROOT = iphoneos;
				SWIFT_COMPILATION_MODE = wholemodule;
				SWIFT_OPTIMIZATION_LEVEL = "-O";
				VALIDATE_PRODUCT = YES;
			};
			name = Release;
		};
		7FD8373126336C210031E623 /* Debug */ = {
			isa = XCBuildConfiguration;
			buildSettings = {
				ASSETCATALOG_COMPILER_APPICON_NAME = AppIcon;
				ASSETCATALOG_COMPILER_GLOBAL_ACCENT_COLOR_NAME = AccentColor;
				CODE_SIGN_STYLE = Automatic;
				DEVELOPMENT_ASSET_PATHS = "\"Landmarks/Preview Content\"";
				DEVELOPMENT_TEAM = HL3XLM68NV;
				ENABLE_PREVIEWS = YES;
				INFOPLIST_FILE = Landmarks/Info.plist;
				IPHONEOS_DEPLOYMENT_TARGET = 14.0;
				LD_RUNPATH_SEARCH_PATHS = (
					"$(inherited)",
					"@executable_path/Frameworks",
				);
				PRODUCT_BUNDLE_IDENTIFIER = CasanovaStudios.Landmarks;
				PRODUCT_NAME = "$(TARGET_NAME)";
				SWIFT_VERSION = 5.0;
				TARGETED_DEVICE_FAMILY = "1,2";
			};
			name = Debug;
		};
		7FD8373226336C210031E623 /* Release */ = {
			isa = XCBuildConfiguration;
			buildSettings = {
				ASSETCATALOG_COMPILER_APPICON_NAME = AppIcon;
				ASSETCATALOG_COMPILER_GLOBAL_ACCENT_COLOR_NAME = AccentColor;
				CODE_SIGN_STYLE = Automatic;
				DEVELOPMENT_ASSET_PATHS = "\"Landmarks/Preview Content\"";
				DEVELOPMENT_TEAM = HL3XLM68NV;
				ENABLE_PREVIEWS = YES;
				INFOPLIST_FILE = Landmarks/Info.plist;
				IPHONEOS_DEPLOYMENT_TARGET = 14.0;
				LD_RUNPATH_SEARCH_PATHS = (
					"$(inherited)",
					"@executable_path/Frameworks",
				);
				PRODUCT_BUNDLE_IDENTIFIER = CasanovaStudios.Landmarks;
				PRODUCT_NAME = "$(TARGET_NAME)";
				SWIFT_VERSION = 5.0;
				TARGETED_DEVICE_FAMILY = "1,2";
			};
			name = Release;
		};
/* End XCBuildConfiguration section */

/* Begin XCConfigurationList section */
		7FD8371C26336C200031E623 /* Build configuration list for PBXProject "Landmarks" */ = {
			isa = XCConfigurationList;
			buildConfigurations = (
				7FD8372E26336C210031E623 /* Debug */,
				7FD8372F26336C210031E623 /* Release */,
			);
			defaultConfigurationIsVisible = 0;
			defaultConfigurationName = Release;
		};
		7FD8373026336C210031E623 /* Build configuration list for PBXNativeTarget "Landmarks" */ = {
			isa = XCConfigurationList;
			buildConfigurations = (
				7FD8373126336C210031E623 /* Debug */,
				7FD8373226336C210031E623 /* Release */,
			);
			defaultConfigurationIsVisible = 0;
			defaultConfigurationName = Release;
		};
/* End XCConfigurationList section */
	};
	rootObject = 7FD8371926336C200031E623 /* Project object */;
}
